
Microsoft Visual Studio Solution File, Format Version 12.00
# Visual Studio Version 17
VisualStudioVersion = 17.8.34525.116
MinimumVisualStudioVersion = 10.0.40219.1
Project("{FAE04EC0-301F-11D3-BF4B-00C04F79EFBC}") = "RoyalRMS", "RoyalRMS\RoyalRMS.csproj", "{FBD1E1B6-1734-4336-85A8-EF894469741B}"
EndProject
Global
	GlobalSection(SolutionConfigurationPlatforms) = preSolution
		Debug|Any CPU = Debug|Any CPU
		Release|Any CPU = Release|Any CPU
	EndGlobalSection
	GlobalSection(ProjectConfigurationPlatforms) = postSolution
		{FBD1E1B6-1734-4336-85A8-EF894469741B}.Debug|Any CPU.ActiveCfg = Debug|Any CPU
		{FBD1E1B6-1734-4336-85A8-EF894469741B}.Debug|Any CPU.Build.0 = Debug|Any CPU
		{FBD1E1B6-1734-4336-85A8-EF894469741B}.Debug|Any CPU.Deploy.0 = Debug|Any CPU
		{FBD1E1B6-1734-4336-85A8-EF894469741B}.Release|Any CPU.ActiveCfg = Release|Any CPU
		{FBD1E1B6-1734-4336-85A8-EF894469741B}.Release|Any CPU.Build.0 = Release|Any CPU
		{FBD1E1B6-1734-4336-85A8-EF894469741B}.Release|Any CPU.Deploy.0 = Release|Any CPU
	EndGlobalSection
	GlobalSection(SolutionProperties) = preSolution
		HideSolutionNode = FALSE
	EndGlobalSection
	GlobalSection(ExtensibilityGlobals) = postSolution
		SolutionGuid = {CB5ADA1C-3E6C-4021-9E7E-0B40B73FEC1E}
	EndGlobalSection
EndGlobal
